
Microsoft Visual Studio Solution File, Format Version 12.00
# Visual Studio Version 16
VisualStudioVersion = 16.0.30413.136
MinimumVisualStudioVersion = 10.0.40219.1
Project("{FAE04EC0-301F-11D3-BF4B-00C04F79EFBC}") = "Beltzac.AIPlay.File.Api", "Beltzac.AIPlay.File.Api\Beltzac.AIPlay.File.Api.csproj", "{C9A2F1EF-0B0B-4846-AA48-5A712C0DC7A0}"
EndProject
Global
	GlobalSection(SolutionConfigurationPlatforms) = preSolution
		Debug|Any CPU = Debug|Any CPU
		Release|Any CPU = Release|Any CPU
	EndGlobalSection
	GlobalSection(ProjectConfigurationPlatforms) = postSolution
		{C9A2F1EF-0B0B-4846-AA48-5A712C0DC7A0}.Debug|Any CPU.ActiveCfg = Debug|Any CPU
		{C9A2F1EF-0B0B-4846-AA48-5A712C0DC7A0}.Debug|Any CPU.Build.0 = Debug|Any CPU
		{C9A2F1EF-0B0B-4846-AA48-5A712C0DC7A0}.Release|Any CPU.ActiveCfg = Release|Any CPU
		{C9A2F1EF-0B0B-4846-AA48-5A712C0DC7A0}.Release|Any CPU.Build.0 = Release|Any CPU
	EndGlobalSection
	GlobalSection(SolutionProperties) = preSolution
		HideSolutionNode = FALSE
	EndGlobalSection
	GlobalSection(ExtensibilityGlobals) = postSolution
		SolutionGuid = {C9D29426-4F2C-4BF8-8FCE-2D6ED0718B75}
	EndGlobalSection
EndGlobal
